
Microsoft Visual Studio Solution File, Format Version 11.00
# Visual Studio 2010
Project("{FAE04EC0-301F-11D3-BF4B-00C04F79EFBC}") = "WaspToucher", "WaspToucher\WaspToucher.csproj", "{17D1467B-3E29-4116-B0AB-ADFF4947B4FA}"
EndProject
Project("{FAE04EC0-301F-11D3-BF4B-00C04F79EFBC}") = "WaspToucher.Runner", "WaspToucher.Runner\WaspToucher.Runner.csproj", "{8709379B-5EEE-4E63-AFED-CA12CD4EF20D}"
EndProject
Project("{FAE04EC0-301F-11D3-BF4B-00C04F79EFBC}") = "WaspToucher.Tests", "WaspToucher.Tests\WaspToucher.Tests.csproj", "{1847EF66-5B55-487C-AEA5-DB149E151572}"
EndProject
Global
	GlobalSection(SolutionConfigurationPlatforms) = preSolution
		Debug|Any CPU = Debug|Any CPU
		Debug|Mixed Platforms = Debug|Mixed Platforms
		Debug|x86 = Debug|x86
		Release|Any CPU = Release|Any CPU
		Release|Mixed Platforms = Release|Mixed Platforms
		Release|x86 = Release|x86
	EndGlobalSection
	GlobalSection(ProjectConfigurationPlatforms) = postSolution
		{17D1467B-3E29-4116-B0AB-ADFF4947B4FA}.Debug|Any CPU.ActiveCfg = Debug|Any CPU
		{17D1467B-3E29-4116-B0AB-ADFF4947B4FA}.Debug|Any CPU.Build.0 = Debug|Any CPU
		{17D1467B-3E29-4116-B0AB-ADFF4947B4FA}.Debug|Mixed Platforms.ActiveCfg = Debug|Any CPU
		{17D1467B-3E29-4116-B0AB-ADFF4947B4FA}.Debug|Mixed Platforms.Build.0 = Debug|Any CPU
		{17D1467B-3E29-4116-B0AB-ADFF4947B4FA}.Debug|x86.ActiveCfg = Debug|Any CPU
		{17D1467B-3E29-4116-B0AB-ADFF4947B4FA}.Release|Any CPU.ActiveCfg = Release|Any CPU
		{17D1467B-3E29-4116-B0AB-ADFF4947B4FA}.Release|Any CPU.Build.0 = Release|Any CPU
		{17D1467B-3E29-4116-B0AB-ADFF4947B4FA}.Release|Mixed Platforms.ActiveCfg = Release|Any CPU
		{17D1467B-3E29-4116-B0AB-ADFF4947B4FA}.Release|Mixed Platforms.Build.0 = Release|Any CPU
		{17D1467B-3E29-4116-B0AB-ADFF4947B4FA}.Release|x86.ActiveCfg = Release|Any CPU
		{8709379B-5EEE-4E63-AFED-CA12CD4EF20D}.Debug|Any CPU.ActiveCfg = Debug|x86
		{8709379B-5EEE-4E63-AFED-CA12CD4EF20D}.Debug|Mixed Platforms.ActiveCfg = Debug|x86
		{8709379B-5EEE-4E63-AFED-CA12CD4EF20D}.Debug|Mixed Platforms.Build.0 = Debug|x86
		{8709379B-5EEE-4E63-AFED-CA12CD4EF20D}.Debug|x86.ActiveCfg = Debug|x86
		{8709379B-5EEE-4E63-AFED-CA12CD4EF20D}.Debug|x86.Build.0 = Debug|x86
		{8709379B-5EEE-4E63-AFED-CA12CD4EF20D}.Release|Any CPU.ActiveCfg = Release|x86
		{8709379B-5EEE-4E63-AFED-CA12CD4EF20D}.Release|Mixed Platforms.ActiveCfg = Release|x86
		{8709379B-5EEE-4E63-AFED-CA12CD4EF20D}.Release|Mixed Platforms.Build.0 = Release|x86
		{8709379B-5EEE-4E63-AFED-CA12CD4EF20D}.Release|x86.ActiveCfg = Release|x86
		{8709379B-5EEE-4E63-AFED-CA12CD4EF20D}.Release|x86.Build.0 = Release|x86
		{1847EF66-5B55-487C-AEA5-DB149E151572}.Debug|Any CPU.ActiveCfg = Debug|Any CPU
		{1847EF66-5B55-487C-AEA5-DB149E151572}.Debug|Any CPU.Build.0 = Debug|Any CPU
		{1847EF66-5B55-487C-AEA5-DB149E151572}.Debug|Mixed Platforms.ActiveCfg = Debug|Any CPU
		{1847EF66-5B55-487C-AEA5-DB149E151572}.Debug|Mixed Platforms.Build.0 = Debug|Any CPU
		{1847EF66-5B55-487C-AEA5-DB149E151572}.Debug|x86.ActiveCfg = Debug|Any CPU
		{1847EF66-5B55-487C-AEA5-DB149E151572}.Release|Any CPU.ActiveCfg = Release|Any CPU
		{1847EF66-5B55-487C-AEA5-DB149E151572}.Release|Any CPU.Build.0 = Release|Any CPU
		{1847EF66-5B55-487C-AEA5-DB149E151572}.Release|Mixed Platforms.ActiveCfg = Release|Any CPU
		{1847EF66-5B55-487C-AEA5-DB149E151572}.Release|Mixed Platforms.Build.0 = Release|Any CPU
		{1847EF66-5B55-487C-AEA5-DB149E151572}.Release|x86.ActiveCfg = Release|Any CPU
	EndGlobalSection
	GlobalSection(SolutionProperties) = preSolution
		HideSolutionNode = FALSE
	EndGlobalSection
EndGlobal
